// !$*UTF8*$!
{
	archiveVersion = 1;
	classes = {
	};
	objectVersion = 51;
	objects = {

/* Begin PBXBuildFile section */
		8D49DAE92154827700043C71 /* AppDelegate.swift in Sources */ = {isa = PBXBuildFile; fileRef = 8D49DAE82154827700043C71 /* AppDelegate.swift */; };
		8D49DAEB2154827700043C71 /* ViewController.swift in Sources */ = {isa = PBXBuildFile; fileRef = 8D49DAEA2154827700043C71 /* ViewController.swift */; };
		8D49DAEE2154827700043C71 /* Main.storyboard in Resources */ = {isa = PBXBuildFile; fileRef = 8D49DAEC2154827700043C71 /* Main.storyboard */; };
		8D49DAF02154827800043C71 /* Assets.xcassets in Resources */ = {isa = PBXBuildFile; fileRef = 8D49DAEF2154827800043C71 /* Assets.xcassets */; };
		8D49DAF32154827800043C71 /* LaunchScreen.storyboard in Resources */ = {isa = PBXBuildFile; fileRef = 8D49DAF12154827800043C71 /* LaunchScreen.storyboard */; };
		8D49DAFE2154827800043C71 /* ios04Tests.swift in Sources */ = {isa = PBXBuildFile; fileRef = 8D49DAFD2154827800043C71 /* ios04Tests.swift */; };
		8D49DB092154827800043C71 /* ios04UITests.swift in Sources */ = {isa = PBXBuildFile; fileRef = 8D49DB082154827800043C71 /* ios04UITests.swift */; };
/* End PBXBuildFile section */

/* Begin PBXContainerItemProxy section */
		8D49DAFA2154827800043C71 /* PBXContainerItemProxy */ = {
			isa = PBXContainerItemProxy;
			containerPortal = 8D49DADD2154827700043C71 /* Project object */;
			proxyType = 1;
			remoteGlobalIDString = 8D49DAE42154827700043C71;
			remoteInfo = ios04;
		};
		8D49DB052154827800043C71 /* PBXContainerItemProxy */ = {
			isa = PBXContainerItemProxy;
			containerPortal = 8D49DADD2154827700043C71 /* Project object */;
			proxyType = 1;
			remoteGlobalIDString = 8D49DAE42154827700043C71;
			remoteInfo = ios04;
		};
/* End PBXContainerItemProxy section */

/* Begin PBXFileReference section */
		8D49DAE52154827700043C71 /* ios04.app */ = {isa = PBXFileReference; explicitFileType = wrapper.application; includeInIndex = 0; path = ios04.app; sourceTree = BUILT_PRODUCTS_DIR; };
		8D49DAE82154827700043C71 /* AppDelegate.swift */ = {isa = PBXFileReference; lastKnownFileType = sourcecode.swift; path = AppDelegate.swift; sourceTree = "<group>"; };
		8D49DAEA2154827700043C71 /* ViewController.swift */ = {isa = PBXFileReference; lastKnownFileType = sourcecode.swift; path = ViewController.swift; sourceTree = "<group>"; };
		8D49DAED2154827700043C71 /* Base */ = {isa = PBXFileReference; lastKnownFileType = file.storyboard; name = Base; path = Base.lproj/Main.storyboard; sourceTree = "<group>"; };
		8D49DAEF2154827800043C71 /* Assets.xcassets */ = {isa = PBXFileReference; lastKnownFileType = folder.assetcatalog; path = Assets.xcassets; sourceTree = "<group>"; };
		8D49DAF22154827800043C71 /* Base */ = {isa = PBXFileReference; lastKnownFileType = file.storyboard; name = Base; path = Base.lproj/LaunchScreen.storyboard; sourceTree = "<group>"; };
		8D49DAF42154827800043C71 /* Info.plist */ = {isa = PBXFileReference; lastKnownFileType = text.plist.xml; path = Info.plist; sourceTree = "<group>"; };
		8D49DAF92154827800043C71 /* ios04Tests.xctest */ = {isa = PBXFileReference; explicitFileType = wrapper.cfbundle; includeInIndex = 0; path = ios04Tests.xctest; sourceTree = BUILT_PRODUCTS_DIR; };
		8D49DAFD2154827800043C71 /* ios04Tests.swift */ = {isa = PBXFileReference; lastKnownFileType = sourcecode.swift; path = ios04Tests.swift; sourceTree = "<group>"; };
		8D49DAFF2154827800043C71 /* Info.plist */ = {isa = PBXFileReference; lastKnownFileType = text.plist.xml; path = Info.plist; sourceTree = "<group>"; };
		8D49DB042154827800043C71 /* ios04UITests.xctest */ = {isa = PBXFileReference; explicitFileType = wrapper.cfbundle; includeInIndex = 0; path = ios04UITests.xctest; sourceTree = BUILT_PRODUCTS_DIR; };
		8D49DB082154827800043C71 /* ios04UITests.swift */ = {isa = PBXFileReference; lastKnownFileType = sourcecode.swift; path = ios04UITests.swift; sourceTree = "<group>"; };
		8D49DB0A2154827800043C71 /* Info.plist */ = {isa = PBXFileReference; lastKnownFileType = text.plist.xml; path = Info.plist; sourceTree = "<group>"; };
/* End PBXFileReference section */

/* Begin PBXFrameworksBuildPhase section */
		8D49DAE22154827700043C71 /* Frameworks */ = {
			isa = PBXFrameworksBuildPhase;
			buildActionMask = 2147483647;
			files = (
			);
			runOnlyForDeploymentPostprocessing = 0;
		};
		8D49DAF62154827800043C71 /* Frameworks */ = {
			isa = PBXFrameworksBuildPhase;
			buildActionMask = 2147483647;
			files = (
			);
			runOnlyForDeploymentPostprocessing = 0;
		};
		8D49DB012154827800043C71 /* Frameworks */ = {
			isa = PBXFrameworksBuildPhase;
			buildActionMask = 2147483647;
			files = (
			);
			runOnlyForDeploymentPostprocessing = 0;
		};
/* End PBXFrameworksBuildPhase section */

/* Begin PBXGroup section */
		8D49DADC2154827700043C71 = {
			isa = PBXGroup;
			children = (
				8D49DAE72154827700043C71 /* ios04 */,
				8D49DAFC2154827800043C71 /* ios04Tests */,
				8D49DB072154827800043C71 /* ios04UITests */,
				8D49DAE62154827700043C71 /* Products */,
			);
			sourceTree = "<group>";
		};
		8D49DAE62154827700043C71 /* Products */ = {
			isa = PBXGroup;
			children = (
				8D49DAE52154827700043C71 /* ios04.app */,
				8D49DAF92154827800043C71 /* ios04Tests.xctest */,
				8D49DB042154827800043C71 /* ios04UITests.xctest */,
			);
			name = Products;
			sourceTree = "<group>";
		};
		8D49DAE72154827700043C71 /* ios04 */ = {
			isa = PBXGroup;
			children = (
				8D49DAE82154827700043C71 /* AppDelegate.swift */,
				8D49DAEA2154827700043C71 /* ViewController.swift */,
				8D49DAEC2154827700043C71 /* Main.storyboard */,
				8D49DAEF2154827800043C71 /* Assets.xcassets */,
				8D49DAF12154827800043C71 /* LaunchScreen.storyboard */,
				8D49DAF42154827800043C71 /* Info.plist */,
			);
			path = ios04;
			sourceTree = "<group>";
		};
		8D49DAFC2154827800043C71 /* ios04Tests */ = {
			isa = PBXGroup;
			children = (
				8D49DAFD2154827800043C71 /* ios04Tests.swift */,
				8D49DAFF2154827800043C71 /* Info.plist */,
			);
			path = ios04Tests;
			sourceTree = "<group>";
		};
		8D49DB072154827800043C71 /* ios04UITests */ = {
			isa = PBXGroup;
			children = (
				8D49DB082154827800043C71 /* ios04UITests.swift */,
				8D49DB0A2154827800043C71 /* Info.plist */,
			);
			path = ios04UITests;
			sourceTree = "<group>";
		};
/* End PBXGroup section */

/* Begin PBXNativeTarget section */
		8D49DAE42154827700043C71 /* ios04 */ = {
			isa = PBXNativeTarget;
			buildConfigurationList = 8D49DB0D2154827800043C71 /* Build configuration list for PBXNativeTarget "ios04" */;
			buildPhases = (
				8D49DAE12154827700043C71 /* Sources */,
				8D49DAE22154827700043C71 /* Frameworks */,
				8D49DAE32154827700043C71 /* Resources */,
			);
			buildRules = (
			);
			dependencies = (
			);
			name = ios04;
			productName = ios04;
			productReference = 8D49DAE52154827700043C71 /* ios04.app */;
			productType = "com.apple.product-type.application";
		};
		8D49DAF82154827800043C71 /* ios04Tests */ = {
			isa = PBXNativeTarget;
			buildConfigurationList = 8D49DB102154827800043C71 /* Build configuration list for PBXNativeTarget "ios04Tests" */;
			buildPhases = (
				8D49DAF52154827800043C71 /* Sources */,
				8D49DAF62154827800043C71 /* Frameworks */,
				8D49DAF72154827800043C71 /* Resources */,
			);
			buildRules = (
			);
			dependencies = (
				8D49DAFB2154827800043C71 /* PBXTargetDependency */,
			);
			name = ios04Tests;
			productName = ios04Tests;
			productReference = 8D49DAF92154827800043C71 /* ios04Tests.xctest */;
			productType = "com.apple.product-type.bundle.unit-test";
		};
		8D49DB032154827800043C71 /* ios04UITests */ = {
			isa = PBXNativeTarget;
			buildConfigurationList = 8D49DB132154827800043C71 /* Build configuration list for PBXNativeTarget "ios04UITests" */;
			buildPhases = (
				8D49DB002154827800043C71 /* Sources */,
				8D49DB012154827800043C71 /* Frameworks */,
				8D49DB022154827800043C71 /* Resources */,
			);
			buildRules = (
			);
			dependencies = (
				8D49DB062154827800043C71 /* PBXTargetDependency */,
			);
			name = ios04UITests;
			productName = ios04UITests;
			productReference = 8D49DB042154827800043C71 /* ios04UITests.xctest */;
			productType = "com.apple.product-type.bundle.ui-testing";
		};
/* End PBXNativeTarget section */

/* Begin PBXProject section */
		8D49DADD2154827700043C71 /* Project object */ = {
			isa = PBXProject;
			attributes = {
				LastSwiftUpdateCheck = 1000;
				LastUpgradeCheck = 1000;
				ORGANIZATIONNAME = "朱博宇";
				TargetAttributes = {
					8D49DAE42154827700043C71 = {
						CreatedOnToolsVersion = 10.0;
					};
					8D49DAF82154827800043C71 = {
						CreatedOnToolsVersion = 10.0;
						TestTargetID = 8D49DAE42154827700043C71;
					};
					8D49DB032154827800043C71 = {
						CreatedOnToolsVersion = 10.0;
						TestTargetID = 8D49DAE42154827700043C71;
					};
				};
			};
			buildConfigurationList = 8D49DAE02154827700043C71 /* Build configuration list for PBXProject "ios04" */;
			compatibilityVersion = "Xcode 10.0";
			developmentRegion = en;
			hasScannedForEncodings = 0;
			knownRegions = (
				en,
				Base,
			);
			mainGroup = 8D49DADC2154827700043C71;
			productRefGroup = 8D49DAE62154827700043C71 /* Products */;
			projectDirPath = "";
			projectRoot = "";
			targets = (
				8D49DAE42154827700043C71 /* ios04 */,
				8D49DAF82154827800043C71 /* ios04Tests */,
				8D49DB032154827800043C71 /* ios04UITests */,
			);
		};
/* End PBXProject section */

/* Begin PBXResourcesBuildPhase section */
		8D49DAE32154827700043C71 /* Resources */ = {
			isa = PBXResourcesBuildPhase;
			buildActionMask = 2147483647;
			files = (
				8D49DAF32154827800043C71 /* LaunchScreen.storyboard in Resources */,
				8D49DAF02154827800043C71 /* Assets.xcassets in Resources */,
				8D49DAEE2154827700043C71 /* Main.storyboard in Resources */,
			);
			runOnlyForDeploymentPostprocessing = 0;
		};
		8D49DAF72154827800043C71 /* Resources */ = {
			isa = PBXResourcesBuildPhase;
			buildActionMask = 2147483647;
			files = (
			);
			runOnlyForDeploymentPostprocessing = 0;
		};
		8D49DB022154827800043C71 /* Resources */ = {
			isa = PBXResourcesBuildPhase;
			buildActionMask = 2147483647;
			files = (
			);
			runOnlyForDeploymentPostprocessing = 0;
		};
/* End PBXResourcesBuildPhase section */

/* Begin PBXSourcesBuildPhase section */
		8D49DAE12154827700043C71 /* Sources */ = {
			isa = PBXSourcesBuildPhase;
			buildActionMask = 2147483647;
			files = (
				8D49DAEB2154827700043C71 /* ViewController.swift in Sources */,
				8D49DAE92154827700043C71 /* AppDelegate.swift in Sources */,
			);
			runOnlyForDeploymentPostprocessing = 0;
		};
		8D49DAF52154827800043C71 /* Sources */ = {
			isa = PBXSourcesBuildPhase;
			buildActionMask = 2147483647;
			files = (
				8D49DAFE2154827800043C71 /* ios04Tests.swift in Sources */,
			);
			runOnlyForDeploymentPostprocessing = 0;
		};
		8D49DB002154827800043C71 /* Sources */ = {
			isa = PBXSourcesBuildPhase;
			buildActionMask = 2147483647;
			files = (
				8D49DB092154827800043C71 /* ios04UITests.swift in Sources */,
			);
			runOnlyForDeploymentPostprocessing = 0;
		};
/* End PBXSourcesBuildPhase section */

/* Begin PBXTargetDependency section */
		8D49DAFB2154827800043C71 /* PBXTargetDependency */ = {
			isa = PBXTargetDependency;
			target = 8D49DAE42154827700043C71 /* ios04 */;
			targetProxy = 8D49DAFA2154827800043C71 /* PBXContainerItemProxy */;
		};
		8D49DB062154827800043C71 /* PBXTargetDependency */ = {
			isa = PBXTargetDependency;
			target = 8D49DAE42154827700043C71 /* ios04 */;
			targetProxy = 8D49DB052154827800043C71 /* PBXContainerItemProxy */;
		};
/* End PBXTargetDependency section */

/* Begin PBXVariantGroup section */
		8D49DAEC2154827700043C71 /* Main.storyboard */ = {
			isa = PBXVariantGroup;
			children = (
				8D49DAED2154827700043C71 /* Base */,
			);
			name = Main.storyboard;
			sourceTree = "<group>";
		};
		8D49DAF12154827800043C71 /* LaunchScreen.storyboard */ = {
			isa = PBXVariantGroup;
			children = (
				8D49DAF22154827800043C71 /* Base */,
			);
			name = LaunchScreen.storyboard;
			sourceTree = "<group>";
		};
/* End PBXVariantGroup section */

/* Begin XCBuildConfiguration section */
		8D49DB0B2154827800043C71 /* Debug */ = {
			isa = XCBuildConfiguration;
			buildSettings = {
				ALWAYS_SEARCH_USER_PATHS = NO;
				CLANG_ANALYZER_NONNULL = YES;
				CLANG_ANALYZER_NUMBER_OBJECT_CONVERSION = YES_AGGRESSIVE;
				CLANG_CXX_LANGUAGE_STANDARD = "gnu++14";
				CLANG_CXX_LIBRARY = "libc++";
				CLANG_ENABLE_MODULES = YES;
				CLANG_ENABLE_OBJC_ARC = YES;
				CLANG_ENABLE_OBJC_WEAK = YES;
				CLANG_WARN_BLOCK_CAPTURE_AUTORELEASING = YES;
				CLANG_WARN_BOOL_CONVERSION = YES;
				CLANG_WARN_COMMA = YES;
				CLANG_WARN_CONSTANT_CONVERSION = YES;
				CLANG_WARN_DEPRECATED_OBJC_IMPLEMENTATIONS = YES;
				CLANG_WARN_DIRECT_OBJC_ISA_USAGE = YES_ERROR;
				CLANG_WARN_DOCUMENTATION_COMMENTS = YES;
				CLANG_WARN_EMPTY_BODY = YES;
				CLANG_WARN_ENUM_CONVERSION = YES;
				CLANG_WARN_INFINITE_RECURSION = YES;
				CLANG_WARN_INT_CONVERSION = YES;
				CLANG_WARN_NON_LITERAL_NULL_CONVERSION = YES;
				CLANG_WARN_OBJC_IMPLICIT_RETAIN_SELF = YES;
				CLANG_WARN_OBJC_LITERAL_CONVERSION = YES;
				CLANG_WARN_OBJC_ROOT_CLASS = YES_ERROR;
				CLANG_WARN_RANGE_LOOP_ANALYSIS = YES;
				CLANG_WARN_STRICT_PROTOTYPES = YES;
				CLANG_WARN_SUSPICIOUS_MOVE = YES;
				CLANG_WARN_UNGUARDED_AVAILABILITY = YES_AGGRESSIVE;
				CLANG_WARN_UNREACHABLE_CODE = YES;
				CLANG_WARN__DUPLICATE_METHOD_MATCH = YES;
				CODE_SIGN_IDENTITY = "iPhone Developer";
				COPY_PHASE_STRIP = NO;
				DEBUG_INFORMATION_FORMAT = dwarf;
				ENABLE_STRICT_OBJC_MSGSEND = YES;
				ENABLE_TESTABILITY = YES;
				GCC_C_LANGUAGE_STANDARD = gnu11;
				GCC_DYNAMIC_NO_PIC = NO;
				GCC_NO_COMMON_BLOCKS = YES;
				GCC_OPTIMIZATION_LEVEL = 0;
				GCC_PREPROCESSOR_DEFINITIONS = (
					"DEBUG=1",
					"$(inherited)",
				);
				GCC_WARN_64_TO_32_BIT_CONVERSION = YES;
				GCC_WARN_ABOUT_RETURN_TYPE = YES_ERROR;
				GCC_WARN_UNDECLARED_SELECTOR = YES;
				GCC_WARN_UNINITIALIZED_AUTOS = YES_AGGRESSIVE;
				GCC_WARN_UNUSED_FUNCTION = YES;
				GCC_WARN_UNUSED_VARIABLE = YES;
				IPHONEOS_DEPLOYMENT_TARGET = 12.0;
				MTL_ENABLE_DEBUG_INFO = INCLUDE_SOURCE;
				MTL_FAST_MATH = YES;
				ONLY_ACTIVE_ARCH = YES;
				SDKROOT = iphoneos;
				SWIFT_ACTIVE_COMPILATION_CONDITIONS = DEBUG;
				SWIFT_OPTIMIZATION_LEVEL = "-Onone";
			};
			name = Debug;
		};
		8D49DB0C2154827800043C71 /* Release */ = {
			isa = XCBuildConfiguration;
			buildSettings = {
				ALWAYS_SEARCH_USER_PATHS = NO;
				CLANG_ANALYZER_NONNULL = YES;
				CLANG_ANALYZER_NUMBER_OBJECT_CONVERSION = YES_AGGRESSIVE;
				CLANG_CXX_LANGUAGE_STANDARD = "gnu++14";
				CLANG_CXX_LIBRARY = "libc++";
				CLANG_ENABLE_MODULES = YES;
				CLANG_ENABLE_OBJC_ARC = YES;
				CLANG_ENABLE_OBJC_WEAK = YES;
				CLANG_WARN_BLOCK_CAPTURE_AUTORELEASING = YES;
				CLANG_WARN_BOOL_CONVERSION = YES;
				CLANG_WARN_COMMA = YES;
				CLANG_WARN_CONSTANT_CONVERSION = YES;
				CLANG_WARN_DEPRECATED_OBJC_IMPLEMENTATIONS = YES;
				CLANG_WARN_DIRECT_OBJC_ISA_USAGE = YES_ERROR;
				CLANG_WARN_DOCUMENTATION_COMMENTS = YES;
				CLANG_WARN_EMPTY_BODY = YES;
				CLANG_WARN_ENUM_CONVERSION = YES;
				CLANG_WARN_INFINITE_RECURSION = YES;
				CLANG_WARN_INT_CONVERSION = YES;
				CLANG_WARN_NON_LITERAL_NULL_CONVERSION = YES;
				CLANG_WARN_OBJC_IMPLICIT_RETAIN_SELF = YES;
				CLANG_WARN_OBJC_LITERAL_CONVERSION = YES;
				CLANG_WARN_OBJC_ROOT_CLASS = YES_ERROR;
				CLANG_WARN_RANGE_LOOP_ANALYSIS = YES;
				CLANG_WARN_STRICT_PROTOTYPES = YES;
				CLANG_WARN_SUSPICIOUS_MOVE = YES;
				CLANG_WARN_UNGUARDED_AVAILABILITY = YES_AGGRESSIVE;
				CLANG_WARN_UNREACHABLE_CODE = YES;
				CLANG_WARN__DUPLICATE_METHOD_MATCH = YES;
				CODE_SIGN_IDENTITY = "iPhone Developer";
				COPY_PHASE_STRIP = NO;
				DEBUG_INFORMATION_FORMAT = "dwarf-with-dsym";
				ENABLE_NS_ASSERTIONS = NO;
				ENABLE_STRICT_OBJC_MSGSEND = YES;
				GCC_C_LANGUAGE_STANDARD = gnu11;
				GCC_NO_COMMON_BLOCKS = YES;
				GCC_WARN_64_TO_32_BIT_CONVERSION = YES;
				GCC_WARN_ABOUT_RETURN_TYPE = YES_ERROR;
				GCC_WARN_UNDECLARED_SELECTOR = YES;
				GCC_WARN_UNINITIALIZED_AUTOS = YES_AGGRESSIVE;
				GCC_WARN_UNUSED_FUNCTION = YES;
				GCC_WARN_UNUSED_VARIABLE = YES;
				IPHONEOS_DEPLOYMENT_TARGET = 12.0;
				MTL_ENABLE_DEBUG_INFO = NO;
				MTL_FAST_MATH = YES;
				SDKROOT = iphoneos;
				SWIFT_COMPILATION_MODE = wholemodule;
				SWIFT_OPTIMIZATION_LEVEL = "-O";
				VALIDATE_PRODUCT = YES;
			};
			name = Release;
		};
		8D49DB0E2154827800043C71 /* Debug */ = {
			isa = XCBuildConfiguration;
			buildSettings = {
				ASSETCATALOG_COMPILER_APPICON_NAME = AppIcon;
				CODE_SIGN_STYLE = Automatic;
				DEVELOPMENT_TEAM = FR92J3CU6S;
				INFOPLIST_FILE = ios04/Info.plist;
				IPHONEOS_DEPLOYMENT_TARGET = 11.4;
				LD_RUNPATH_SEARCH_PATHS = (
					"$(inherited)",
					"@executable_path/Frameworks",
				);
				PRODUCT_BUNDLE_IDENTIFIER = swift.ios04;
				PRODUCT_NAME = "$(TARGET_NAME)";
				SWIFT_VERSION = 4.2;
				TARGETED_DEVICE_FAMILY = 1;
			};
			name = Debug;
		};
		8D49DB0F2154827800043C71 /* Release */ = {
			isa = XCBuildConfiguration;
			buildSettings = {
				ASSETCATALOG_COMPILER_APPICON_NAME = AppIcon;
				CODE_SIGN_STYLE = Automatic;
				DEVELOPMENT_TEAM = FR92J3CU6S;
				INFOPLIST_FILE = ios04/Info.plist;
				IPHONEOS_DEPLOYMENT_TARGET = 11.4;
				LD_RUNPATH_SEARCH_PATHS = (
					"$(inherited)",
					"@executable_path/Frameworks",
				);
				PRODUCT_BUNDLE_IDENTIFIER = swift.ios04;
				PRODUCT_NAME = "$(TARGET_NAME)";
				SWIFT_VERSION = 4.2;
				TARGETED_DEVICE_FAMILY = 1;
			};
			name = Release;
		};
		8D49DB112154827800043C71 /* Debug */ = {
			isa = XCBuildConfiguration;
			buildSettings = {
				ALWAYS_EMBED_SWIFT_STANDARD_LIBRARIES = YES;
				BUNDLE_LOADER = "$(TEST_HOST)";
				CODE_SIGN_STYLE = Automatic;
				INFOPLIST_FILE = ios04Tests/Info.plist;
				LD_RUNPATH_SEARCH_PATHS = (
					"$(inherited)",
					"@executable_path/Frameworks",
					"@loader_path/Frameworks",
				);
				PRODUCT_BUNDLE_IDENTIFIER = swift.ios04Tests;
				PRODUCT_NAME = "$(TARGET_NAME)";
				SWIFT_VERSION = 4.2;
				TARGETED_DEVICE_FAMILY = "1,2";
				TEST_HOST = "$(BUILT_PRODUCTS_DIR)/ios04.app/ios04";
			};
			name = Debug;
		};
		8D49DB122154827800043C71 /* Release */ = {
			isa = XCBuildConfiguration;
			buildSettings = {
				ALWAYS_EMBED_SWIFT_STANDARD_LIBRARIES = YES;
				BUNDLE_LOADER = "$(TEST_HOST)";
				CODE_SIGN_STYLE = Automatic;
				INFOPLIST_FILE = ios04Tests/Info.plist;
				LD_RUNPATH_SEARCH_PATHS = (
					"$(inherited)",
					"@executable_path/Frameworks",
					"@loader_path/Frameworks",
				);
				PRODUCT_BUNDLE_IDENTIFIER = swift.ios04Tests;
				PRODUCT_NAME = "$(TARGET_NAME)";
				SWIFT_VERSION = 4.2;
				TARGETED_DEVICE_FAMILY = "1,2";
				TEST_HOST = "$(BUILT_PRODUCTS_DIR)/ios04.app/ios04";
			};
			name = Release;
		};
		8D49DB142154827800043C71 /* Debug */ = {
			isa = XCBuildConfiguration;
			buildSettings = {
				ALWAYS_EMBED_SWIFT_STANDARD_LIBRARIES = YES;
				CODE_SIGN_STYLE = Automatic;
				INFOPLIST_FILE = ios04UITests/Info.plist;
				LD_RUNPATH_SEARCH_PATHS = (
					"$(inherited)",
					"@executable_path/Frameworks",
					"@loader_path/Frameworks",
				);
				PRODUCT_BUNDLE_IDENTIFIER = swift.ios04UITests;
				PRODUCT_NAME = "$(TARGET_NAME)";
				SWIFT_VERSION = 4.2;
				TARGETED_DEVICE_FAMILY = "1,2";
				TEST_TARGET_NAME = ios04;
			};
			name = Debug;
		};
		8D49DB152154827800043C71 /* Release */ = {
			isa = XCBuildConfiguration;
			buildSettings = {
				ALWAYS_EMBED_SWIFT_STANDARD_LIBRARIES = YES;
				CODE_SIGN_STYLE = Automatic;
				INFOPLIST_FILE = ios04UITests/Info.plist;
				LD_RUNPATH_SEARCH_PATHS = (
					"$(inherited)",
					"@executable_path/Frameworks",
					"@loader_path/Frameworks",
				);
				PRODUCT_BUNDLE_IDENTIFIER = swift.ios04UITests;
				PRODUCT_NAME = "$(TARGET_NAME)";
				SWIFT_VERSION = 4.2;
				TARGETED_DEVICE_FAMILY = "1,2";
				TEST_TARGET_NAME = ios04;
			};
			name = Release;
		};
/* End XCBuildConfiguration section */

/* Begin XCConfigurationList section */
		8D49DAE02154827700043C71 /* Build configuration list for PBXProject "ios04" */ = {
			isa = XCConfigurationList;
			buildConfigurations = (
				8D49DB0B2154827800043C71 /* Debug */,
				8D49DB0C2154827800043C71 /* Release */,
			);
			defaultConfigurationIsVisible = 0;
			defaultConfigurationName = Release;
		};
		8D49DB0D2154827800043C71 /* Build configuration list for PBXNativeTarget "ios04" */ = {
			isa = XCConfigurationList;
			buildConfigurations = (
				8D49DB0E2154827800043C71 /* Debug */,
				8D49DB0F2154827800043C71 /* Release */,
			);
			defaultConfigurationIsVisible = 0;
			defaultConfigurationName = Release;
		};
		8D49DB102154827800043C71 /* Build configuration list for PBXNativeTarget "ios04Tests" */ = {
			isa = XCConfigurationList;
			buildConfigurations = (
				8D49DB112154827800043C71 /* Debug */,
				8D49DB122154827800043C71 /* Release */,
			);
			defaultConfigurationIsVisible = 0;
			defaultConfigurationName = Release;
		};
		8D49DB132154827800043C71 /* Build configuration list for PBXNativeTarget "ios04UITests" */ = {
			isa = XCConfigurationList;
			buildConfigurations = (
				8D49DB142154827800043C71 /* Debug */,
				8D49DB152154827800043C71 /* Release */,
			);
			defaultConfigurationIsVisible = 0;
			defaultConfigurationName = Release;
		};
/* End XCConfigurationList section */
	};
	rootObject = 8D49DADD2154827700043C71 /* Project object */;
}
